Microsoft Visual Studio Solution File, Format Version 12.00
# Visual Studio Version 17
VisualStudioVersion = 17.5.2.0
MinimumVisualStudioVersion = 10.0.40219.1
Project("{FAE04EC0-301F-11D3-BF4B-00C04F79EFBC}") = "Simama.API", "Simama.API.csproj", "{385F17C7-16FA-DB1D-48CB-0103F301FA92}"
EndProject
Global
	GlobalSection(SolutionConfigurationPlatforms) = preSolution
		Debug|Any CPU = Debug|Any CPU
		Release|Any CPU = Release|Any CPU
	EndGlobalSection
	GlobalSection(ProjectConfigurationPlatforms) = postSolution
		{385F17C7-16FA-DB1D-48CB-0103F301FA92}.Debug|Any CPU.ActiveCfg = Debug|Any CPU
		{385F17C7-16FA-DB1D-48CB-0103F301FA92}.Debug|Any CPU.Build.0 = Debug|Any CPU
		{385F17C7-16FA-DB1D-48CB-0103F301FA92}.Release|Any CPU.ActiveCfg = Release|Any CPU
		{385F17C7-16FA-DB1D-48CB-0103F301FA92}.Release|Any CPU.Build.0 = Release|Any CPU
	EndGlobalSection
	GlobalSection(SolutionProperties) = preSolution
		HideSolutionNode = FALSE
	EndGlobalSection
	GlobalSection(ExtensibilityGlobals) = postSolution
		SolutionGuid = {E2655F14-AB34-4F05-B0E7-337EE2C63C1B}
	EndGlobalSection
EndGlobal
